lockfileVersion: '9.0'

settings:
  autoInstallPeers: true
  excludeLinksFromLockfile: false

importers:

  .:
    dependencies:
      '@aiwayds/dsh-ask-router':
        specifier: ^0.2.0
        version: 0.2.0
      '@aiwayds/dsh-dcp':
        specifier: 0.5.1
        version: 0.5.1(@deepseek-ai/cordis@4.0.1)
      '@aiwayds/dsh-model-sync':
        specifier: ^0.1.4
        version: 0.1.4(@deepseek-ai/cordis@4.0.1)
      '@aiwayds/dsh-subagent-registry':
        specifier: 0.3.0
        version: 0.3.0
      '@earendil-works/pi-tui':
        specifier: 0.84.2
        version: 0.84.2
    devDependencies:
      '@deepseek-ai/dsh-user-questions':
        specifier: 0.1.1-rc.2
        version: 0.1.1-rc.2(@deepseek-ai/cordis@4.0.1)
      '@types/node':
        specifier: ^24.0.0
        version: 24.13.3
      typescript:
        specifier: ~5.9.0
        version: 5.9.3

packages:

  '@aiwayds/dsh-ask-router@0.2.0':
    resolution: {integrity: sha512-xs7FV/EPWM9EameM95aeaR6BSlOmlKlPp5zwbqoA6iyAa/WuZPZ1SZ1L0uBmA4US7D7I/w8BvPFTHqnCwmdXRA==}
    engines: {node: '>=22.19.0'}

  '@aiwayds/dsh-dcp@0.5.1':
    resolution: {integrity: sha512-esIGr5AApKALFdUQlf+VJzODF6zyI2hCB0QenY4NLOu1zl/Nv/sC3giEsLg9iRtOTAI8KAxjIQ0QnMQVMfoZng==}
    hasBin: true
    peerDependencies:
      '@deepseek-ai/cordis': ^4.0.1
      '@deepseek-ai/dsh-agent': 0.1.0-rc.6
      '@deepseek-ai/dsh-brand': 0.1.0-rc.6
      '@deepseek-ai/dsh-commands': 0.1.0-rc.6
      '@deepseek-ai/dsh-compaction': 0.1.0-rc.6
      '@deepseek-ai/dsh-compaction-basic': 0.1.0-rc.6
      '@deepseek-ai/dsh-compaction-tool-result-pruner': 0.1.0-rc.6
      '@deepseek-ai/dsh-invariants': 0.1.0-rc.6
      '@deepseek-ai/dsh-llm': 0.1.0-rc.6
      '@deepseek-ai/dsh-session': 0.1.0-rc.6
      '@deepseek-ai/dsh-token-meter': 0.1.0-rc.6
      '@deepseek-ai/schemastery': ^3.18.1
    peerDependenciesMeta:
      '@deepseek-ai/cordis':
        optional: true
      '@deepseek-ai/dsh-agent':
        optional: true
      '@deepseek-ai/dsh-brand':
        optional: true
      '@deepseek-ai/dsh-commands':
        optional: true
      '@deepseek-ai/dsh-compaction':
        optional: true
      '@deepseek-ai/dsh-compaction-basic':
        optional: true
      '@deepseek-ai/dsh-compaction-tool-result-pruner':
        optional: true
      '@deepseek-ai/dsh-invariants':
        optional: true
      '@deepseek-ai/dsh-llm':
        optional: true
      '@deepseek-ai/dsh-session':
        optional: true
      '@deepseek-ai/dsh-token-meter':
        optional: true
      '@deepseek-ai/schemastery':
        optional: true

  '@aiwayds/dsh-model-sync@0.1.4':
    resolution: {integrity: sha512-Tjq6pwjQSh1rbaBmetA3z9d2PIBVGObxM1qB95vlMzPiaVgIB98BTb3EjAJhUe1OUbf0Sd5QZk/AmiQDJ/JvOA==}
    engines: {node: '>=22.19.0'}
    peerDependencies:
      '@deepseek-ai/cordis': 4.0.1
      '@deepseek-ai/dsh-commands': 0.1.1-rc.2
      '@deepseek-ai/dsh-credentials': 0.1.0-rc.6
      '@deepseek-ai/dsh-settings': 0.1.0-rc.6
      '@deepseek-ai/schemastery': 3.18.1
    peerDependenciesMeta:
      '@deepseek-ai/cordis':
        optional: true
      '@deepseek-ai/dsh-commands':
        optional: true
      '@deepseek-ai/dsh-credentials':
        optional: true
      '@deepseek-ai/dsh-settings':
        optional: true
      '@deepseek-ai/schemastery':
        optional: true

  '@aiwayds/dsh-subagent-registry@0.3.0':
    resolution: {integrity: sha512-Umfk0U8rjjCWiGAyOiW0kXEefaexNEwexz+KiBSLMrJw9h59AeAOfv7w900PzxV+QlxPMP95rLuPTTZ2L9DJ7Q==}
    engines: {node: '>=22.19.0'}
    peerDependencies:
      '@deepseek-ai/dsh-agent': 0.1.0-rc.8
      '@deepseek-ai/dsh-llm': 0.1.0-rc.8
      '@deepseek-ai/dsh-subagent': 0.1.0-rc.8
      '@deepseek-ai/dsh-tools': 0.1.0-rc.8
      '@deepseek-ai/schemastery': 3.18.1
    peerDependenciesMeta:
      '@deepseek-ai/dsh-agent':
        optional: true
      '@deepseek-ai/dsh-llm':
        optional: true
      '@deepseek-ai/dsh-subagent':
        optional: true
      '@deepseek-ai/dsh-tools':
        optional: true
      '@deepseek-ai/schemastery':
        optional: true

  '@deepseek-ai/cordis@4.0.1':
    resolution: {integrity: sha512-YBdskTU2Po1kru3GgcUWUbkTsPMA9LkSQDAY8rBkFJeajdgcQad3QPJZE26JyK99Xb6HaASvoXg2DSUTeN/0Nw==}
    hasBin: true
    peerDependencies:
      '@deepseek-ai/cordis-plugin-include': ^1.0.6
      '@deepseek-ai/cordis-plugin-loader': ^1.0.2
    peerDependenciesMeta:
      '@deepseek-ai/cordis-plugin-include':
        optional: true
      '@deepseek-ai/cordis-plugin-loader':
        optional: true

  '@deepseek-ai/cosmokit@1.8.2':
    resolution: {integrity: sha512-muBOKtSrUKU5m/xpq8ZXWL6hQ/jgd4PhU2PqH97bcxIiLEJfNwZOGQEx4t/aS/GgxRAR+ra9pMHPMtTHU4sqqA==}

  '@deepseek-ai/dsh-user-questions@0.1.1-rc.2':
    resolution: {integrity: sha512-9lYoB7qCFE+Vvgwjny3MnRfS7QUefOspj4KpE3b30DAAJfxwrU4hRtLCHOKxyurF01qrkoEBBpXn4H5ilXYTKg==}
    peerDependencies:
      '@deepseek-ai/cordis': ^4.0.1
      '@deepseek-ai/dsh-agent': ^0.1.1-rc.2
      '@deepseek-ai/dsh-invariants': ^0.1.1-rc.2
      '@deepseek-ai/dsh-llm': ^0.1.1-rc.2

  '@earendil-works/pi-tui@0.84.2':
    resolution: {integrity: sha512-ds2TLihOnM5sLJB3VpXV6y0uR5efVuHf4MN7yDpsty6hA2DUO/EDVzjp/0od0G2JslzVLMjT8T8zavtxVb+qbg==}
    engines: {node: '>=22.19.0'}

  '@standard-schema/spec@1.1.0':
    resolution: {integrity: sha512-l2aFy5jALhniG5HgqrD6jXLi/rUWrKvqN/qJx6yoJsgKhblVd+iqqU4RCXavm/jPityDo5TCvKMnpjKnOriy0w==}

  '@types/node@24.13.3':
    resolution: {integrity: sha512-Dh8vAsV36ig5wa9OX4pXvMc9D3Veibfw2wix0CUwYODLD8nkj9UsLjASr49nPg+2eKzxhBV+v7L8pXvT4e639Q==}

  get-east-asian-width@1.6.0:
    resolution: {integrity: sha512-QRbvDIbx6YklUe6RxeTeleMR0yv3cYH6PsPZHcnVn7xv7zO1BHN8r0XETu8n6Ye3Q+ahtSarc3WgtNWmehIBfA==}
    engines: {node: '>=18'}

  marked@18.0.5:
    resolution: {integrity: sha512-S6GcvALHg6K4ohtu4E7x0a1AqhAjp6cV8KhLSyN9qVapnzJkusVBxZRcIU9AeYsbe6P1hKDusSbEOzGyyuce6w==}
    engines: {node: '>= 20'}
    hasBin: true

  typescript@5.9.3:
    resolution: {integrity: sha512-jl1vZzPDinLr9eUt3J/t7V6FgNEw9QjvBPdysz9KfQDD41fQrC2Y4vKQdiaUpFT4bXlb1RHhLpp8wtm6M5TgSw==}
    engines: {node: '>=14.17'}
    hasBin: true

  undici-types@7.18.2:
    resolution: {integrity: sha512-AsuCzffGHJybSaRrmr5eHr81mwJU3kjw6M+uprWvCXiNeN9SOGwQ3Jn8jb8m3Z6izVgknn1R0FTCEAP2QrLY/w==}

snapshots:

  '@aiwayds/dsh-ask-router@0.2.0': {}

  '@aiwayds/dsh-dcp@0.5.1(@deepseek-ai/cordis@4.0.1)':
    optionalDependencies:
      '@deepseek-ai/cordis': 4.0.1

  '@aiwayds/dsh-model-sync@0.1.4(@deepseek-ai/cordis@4.0.1)':
    optionalDependencies:
      '@deepseek-ai/cordis': 4.0.1

  '@aiwayds/dsh-subagent-registry@0.3.0': {}

  '@deepseek-ai/cordis@4.0.1':
    dependencies:
      '@deepseek-ai/cosmokit': 1.8.2
      '@standard-schema/spec': 1.1.0

  '@deepseek-ai/cosmokit@1.8.2': {}

  '@deepseek-ai/dsh-user-questions@0.1.1-rc.2(@deepseek-ai/cordis@4.0.1)':
    dependencies:
      '@deepseek-ai/cordis': 4.0.1

  '@earendil-works/pi-tui@0.84.2':
    dependencies:
      get-east-asian-width: 1.6.0
      marked: 18.0.5

  '@standard-schema/spec@1.1.0': {}

  '@types/node@24.13.3':
    dependencies:
      undici-types: 7.18.2

  get-east-asian-width@1.6.0: {}

  marked@18.0.5: {}

  typescript@5.9.3: {}

  undici-types@7.18.2: {}
