lockfileVersion: '9.0'

settings:
  autoInstallPeers: true
  excludeLinksFromLockfile: false

patchedDependencies:
  '@earendil-works/pi-tui':
    hash: 7f7cca64e91624a3f24d88beb8411c42462813e1b460e13d56e0ec062deffb4a
    path: patches/@earendil-works__pi-tui.patch

importers:

  .:
    dependencies:
      '@earendil-works/pi-tui':
        specifier: 0.84.2
        version: 0.84.2(patch_hash=7f7cca64e91624a3f24d88beb8411c42462813e1b460e13d56e0ec062deffb4a)
    devDependencies:
      '@types/node':
        specifier: ^24.0.0
        version: 24.13.3
      typescript:
        specifier: ~5.9.0
        version: 5.9.3

packages:

  '@earendil-works/pi-tui@0.84.2':
    resolution: {integrity: sha512-ds2TLihOnM5sLJB3VpXV6y0uR5efVuHf4MN7yDpsty6hA2DUO/EDVzjp/0od0G2JslzVLMjT8T8zavtxVb+qbg==}
    engines: {node: '>=22.19.0'}

  '@types/node@24.13.3':
    resolution: {integrity: sha512-Dh8vAsV36ig5wa9OX4pXvMc9D3Veibfw2wix0CUwYODLD8nkj9UsLjASr49nPg+2eKzxhBV+v7L8pXvT4e639Q==}

  get-east-asian-width@1.6.0:
    resolution: {integrity: sha512-QRbvDIbx6YklUe6RxeTeleMR0yv3cYH6PsPZHcnVn7xv7zO1BHN8r0XETu8n6Ye3Q+ahtSarc3WgtNWmehIBfA==}
    engines: {node: '>=18'}

  marked@18.0.5:
    resolution: {integrity: sha512-S6GcvALHg6K4ohtu4E7x0a1AqhAjp6cV8KhLSyN9qVapnzJkusVBxZRcIU9AeYsbe6P1hKDusSbEOzGyyuce6w==}
    engines: {node: '>= 20'}
    hasBin: true

  typescript@5.9.3:
    resolution: {integrity: sha512-jl1vZzPDinLr9eUt3J/t7V6FgNEw9QjvBPdysz9KfQDD41fQrC2Y4vKQdiaUpFT4bXlb1RHhLpp8wtm6M5TgSw==}
    engines: {node: '>=14.17'}
    hasBin: true

  undici-types@7.18.2:
    resolution: {integrity: sha512-AsuCzffGHJybSaRrmr5eHr81mwJU3kjw6M+uprWvCXiNeN9SOGwQ3Jn8jb8m3Z6izVgknn1R0FTCEAP2QrLY/w==}

snapshots:

  '@earendil-works/pi-tui@0.84.2(patch_hash=7f7cca64e91624a3f24d88beb8411c42462813e1b460e13d56e0ec062deffb4a)':
    dependencies:
      get-east-asian-width: 1.6.0
      marked: 18.0.5

  '@types/node@24.13.3':
    dependencies:
      undici-types: 7.18.2

  get-east-asian-width@1.6.0: {}

  marked@18.0.5: {}

  typescript@5.9.3: {}

  undici-types@7.18.2: {}
